// !$*UTF8*$!
{
	archiveVersion = 1;
	classes = {
	};
	objectVersion = 46;
	objects = {

/* Begin PBXBuildFile section */
		9B52DB221F59D996008EA4BC /* AppDelegate.swift in Sources */ = {isa = PBXBuildFile; fileRef = 9B52DB211F59D996008EA4BC /* AppDelegate.swift */; };
		9B52DB271F59D997008EA4BC /* Main.storyboard in Resources */ = {isa = PBXBuildFile; fileRef = 9B52DB251F59D997008EA4BC /* Main.storyboard */; };
		9B52DB291F59D997008EA4BC /* Assets.xcassets in Resources */ = {isa = PBXBuildFile; fileRef = 9B52DB281F59D997008EA4BC /* Assets.xcassets */; };
		9B52DB2C1F59D997008EA4BC /* LaunchScreen.storyboard in Resources */ = {isa = PBXBuildFile; fileRef = 9B52DB2A1F59D997008EA4BC /* LaunchScreen.storyboard */; };
		9B52DB341F59D9BF008EA4BC /* ChooseSymbolViewController.swift in Sources */ = {isa = PBXBuildFile; fileRef = 9B52DB331F59D9BF008EA4BC /* ChooseSymbolViewController.swift */; };
		9B52DB361F59D9C7008EA4BC /* BidViewController.swift in Sources */ = {isa = PBXBuildFile; fileRef = 9B52DB351F59D9C7008EA4BC /* BidViewController.swift */; };
		9B52DB381F59D9D7008EA4BC /* TicTacViewController.swift in Sources */ = {isa = PBXBuildFile; fileRef = 9B52DB371F59D9D7008EA4BC /* TicTacViewController.swift */; };
		9B52DB401F5C3E9B008EA4BC /* crosses.png in Resources */ = {isa = PBXBuildFile; fileRef = 9B52DB3F1F5C3E9B008EA4BC /* crosses.png */; };
		9B52DB421F5C3EB2008EA4BC /* noughts.png in Resources */ = {isa = PBXBuildFile; fileRef = 9B52DB411F5C3EB2008EA4BC /* noughts.png */; };
		9B52DB4A1F5C7687008EA4BC /* noughtsWon.png in Resources */ = {isa = PBXBuildFile; fileRef = 9B52DB481F5C7687008EA4BC /* noughtsWon.png */; };
		9B52DB4B1F5C7687008EA4BC /* crossesWon.png in Resources */ = {isa = PBXBuildFile; fileRef = 9B52DB491F5C7687008EA4BC /* crossesWon.png */; };
/* End PBXBuildFile section */

/* Begin PBXFileReference section */
		9B52DB1E1F59D996008EA4BC /* BidTacToe2.app */ = {isa = PBXFileReference; explicitFileType = wrapper.application; includeInIndex = 0; path = BidTacToe2.app; sourceTree = BUILT_PRODUCTS_DIR; };
		9B52DB211F59D996008EA4BC /* AppDelegate.swift */ = {isa = PBXFileReference; lastKnownFileType = sourcecode.swift; path = AppDelegate.swift; sourceTree = "<group>"; };
		9B52DB261F59D997008EA4BC /* Base */ = {isa = PBXFileReference; lastKnownFileType = file.storyboard; name = Base; path = Base.lproj/Main.storyboard; sourceTree = "<group>"; };
		9B52DB281F59D997008EA4BC /* Assets.xcassets */ = {isa = PBXFileReference; lastKnownFileType = folder.assetcatalog; path = Assets.xcassets; sourceTree = "<group>"; };
		9B52DB2B1F59D997008EA4BC /* Base */ = {isa = PBXFileReference; lastKnownFileType = file.storyboard; name = Base; path = Base.lproj/LaunchScreen.storyboard; sourceTree = "<group>"; };
		9B52DB2D1F59D997008EA4BC /* Info.plist */ = {isa = PBXFileReference; lastKnownFileType = text.plist.xml; path = Info.plist; sourceTree = "<group>"; };
		9B52DB331F59D9BF008EA4BC /* ChooseSymbolViewController.swift */ = {isa = PBXFileReference; fileEncoding = 4; lastKnownFileType = sourcecode.swift; path = ChooseSymbolViewController.swift; sourceTree = "<group>"; };
		9B52DB351F59D9C7008EA4BC /* BidViewController.swift */ = {isa = PBXFileReference; fileEncoding = 4; lastKnownFileType = sourcecode.swift; name = BidViewController.swift; path = ../BidViewController.swift; sourceTree = "<group>"; };
		9B52DB371F59D9D7008EA4BC /* TicTacViewController.swift */ = {isa = PBXFileReference; fileEncoding = 4; lastKnownFileType = sourcecode.swift; path = TicTacViewController.swift; sourceTree = "<group>"; };
		9B52DB3F1F5C3E9B008EA4BC /* crosses.png */ = {isa = PBXFileReference; lastKnownFileType = image.png; path = crosses.png; sourceTree = "<group>"; };
		9B52DB411F5C3EB2008EA4BC /* noughts.png */ = {isa = PBXFileReference; lastKnownFileType = image.png; name = noughts.png; path = Assets.xcassets/o.imageset/noughts.png; sourceTree = "<group>"; };
		9B52DB481F5C7687008EA4BC /* noughtsWon.png */ = {isa = PBXFileReference; lastKnownFileType = image.png; path = noughtsWon.png; sourceTree = "<group>"; };
		9B52DB491F5C7687008EA4BC /* crossesWon.png */ = {isa = PBXFileReference; lastKnownFileType = image.png; path = crossesWon.png; sourceTree = "<group>"; };
/* End PBXFileReference section */

/* Begin PBXFrameworksBuildPhase section */
		9B52DB1B1F59D996008EA4BC /* Frameworks */ = {
			isa = PBXFrameworksBuildPhase;
			buildActionMask = 2147483647;
			files = (
			);
			runOnlyForDeploymentPostprocessing = 0;
		};
/* End PBXFrameworksBuildPhase section */

/* Begin PBXGroup section */
		9B52DB151F59D996008EA4BC = {
			isa = PBXGroup;
			children = (
				9B52DB201F59D996008EA4BC /* BidTacToe2 */,
				9B52DB1F1F59D996008EA4BC /* Products */,
			);
			sourceTree = "<group>";
		};
		9B52DB1F1F59D996008EA4BC /* Products */ = {
			isa = PBXGroup;
			children = (
				9B52DB1E1F59D996008EA4BC /* BidTacToe2.app */,
			);
			name = Products;
			sourceTree = "<group>";
		};
		9B52DB201F59D996008EA4BC /* BidTacToe2 */ = {
			isa = PBXGroup;
			children = (
				9B52DB211F59D996008EA4BC /* AppDelegate.swift */,
				9B52DB351F59D9C7008EA4BC /* BidViewController.swift */,
				9B52DB371F59D9D7008EA4BC /* TicTacViewController.swift */,
				9B52DB331F59D9BF008EA4BC /* ChooseSymbolViewController.swift */,
				9B52DB251F59D997008EA4BC /* Main.storyboard */,
				9B52DB281F59D997008EA4BC /* Assets.xcassets */,
				9B52DB2A1F59D997008EA4BC /* LaunchScreen.storyboard */,
				9B52DB471F5C4A7D008EA4BC /* Images */,
				9B52DB2D1F59D997008EA4BC /* Info.plist */,
			);
			path = BidTacToe2;
			sourceTree = "<group>";
		};
		9B52DB471F5C4A7D008EA4BC /* Images */ = {
			isa = PBXGroup;
			children = (
				9B52DB3F1F5C3E9B008EA4BC /* crosses.png */,
				9B52DB481F5C7687008EA4BC /* noughtsWon.png */,
				9B52DB491F5C7687008EA4BC /* crossesWon.png */,
				9B52DB411F5C3EB2008EA4BC /* noughts.png */,
			);
			name = Images;
			sourceTree = "<group>";
		};
/* End PBXGroup section */

/* Begin PBXNativeTarget section */
		9B52DB1D1F59D996008EA4BC /* BidTacToe2 */ = {
			isa = PBXNativeTarget;
			buildConfigurationList = 9B52DB301F59D997008EA4BC /* Build configuration list for PBXNativeTarget "BidTacToe2" */;
			buildPhases = (
				9B52DB1A1F59D996008EA4BC /* Sources */,
				9B52DB1B1F59D996008EA4BC /* Frameworks */,
				9B52DB1C1F59D996008EA4BC /* Resources */,
			);
			buildRules = (
			);
			dependencies = (
			);
			name = BidTacToe2;
			productName = BidTacToe2;
			productReference = 9B52DB1E1F59D996008EA4BC /* BidTacToe2.app */;
			productType = "com.apple.product-type.application";
		};
/* End PBXNativeTarget section */

/* Begin PBXProject section */
		9B52DB161F59D996008EA4BC /* Project object */ = {
			isa = PBXProject;
			attributes = {
				LastSwiftUpdateCheck = 0830;
				LastUpgradeCheck = 0830;
				ORGANIZATIONNAME = SUGAPP;
				TargetAttributes = {
					9B52DB1D1F59D996008EA4BC = {
						CreatedOnToolsVersion = 8.3.3;
						DevelopmentTeam = UL725DMG9K;
						ProvisioningStyle = Automatic;
					};
				};
			};
			buildConfigurationList = 9B52DB191F59D996008EA4BC /* Build configuration list for PBXProject "BidTacToe2" */;
			compatibilityVersion = "Xcode 3.2";
			developmentRegion = English;
			hasScannedForEncodings = 0;
			knownRegions = (
				en,
				Base,
			);
			mainGroup = 9B52DB151F59D996008EA4BC;
			productRefGroup = 9B52DB1F1F59D996008EA4BC /* Products */;
			projectDirPath = "";
			projectRoot = "";
			targets = (
				9B52DB1D1F59D996008EA4BC /* BidTacToe2 */,
			);
		};
/* End PBXProject section */

/* Begin PBXResourcesBuildPhase section */
		9B52DB1C1F59D996008EA4BC /* Resources */ = {
			isa = PBXResourcesBuildPhase;
			buildActionMask = 2147483647;
			files = (
				9B52DB4B1F5C7687008EA4BC /* crossesWon.png in Resources */,
				9B52DB421F5C3EB2008EA4BC /* noughts.png in Resources */,
				9B52DB401F5C3E9B008EA4BC /* crosses.png in Resources */,
				9B52DB2C1F59D997008EA4BC /* LaunchScreen.storyboard in Resources */,
				9B52DB4A1F5C7687008EA4BC /* noughtsWon.png in Resources */,
				9B52DB291F59D997008EA4BC /* Assets.xcassets in Resources */,
				9B52DB271F59D997008EA4BC /* Main.storyboard in Resources */,
			);
			runOnlyForDeploymentPostprocessing = 0;
		};
/* End PBXResourcesBuildPhase section */

/* Begin PBXSourcesBuildPhase section */
		9B52DB1A1F59D996008EA4BC /* Sources */ = {
			isa = PBXSourcesBuildPhase;
			buildActionMask = 2147483647;
			files = (
				9B52DB361F59D9C7008EA4BC /* BidViewController.swift in Sources */,
				9B52DB341F59D9BF008EA4BC /* ChooseSymbolViewController.swift in Sources */,
				9B52DB381F59D9D7008EA4BC /* TicTacViewController.swift in Sources */,
				9B52DB221F59D996008EA4BC /* AppDelegate.swift in Sources */,
			);
			runOnlyForDeploymentPostprocessing = 0;
		};
/* End PBXSourcesBuildPhase section */

/* Begin PBXVariantGroup section */
		9B52DB251F59D997008EA4BC /* Main.storyboard */ = {
			isa = PBXVariantGroup;
			children = (
				9B52DB261F59D997008EA4BC /* Base */,
			);
			name = Main.storyboard;
			sourceTree = "<group>";
		};
		9B52DB2A1F59D997008EA4BC /* LaunchScreen.storyboard */ = {
			isa = PBXVariantGroup;
			children = (
				9B52DB2B1F59D997008EA4BC /* Base */,
			);
			name = LaunchScreen.storyboard;
			sourceTree = "<group>";
		};
/* End PBXVariantGroup section */

/* Begin XCBuildConfiguration section */
		9B52DB2E1F59D997008EA4BC /* Debug */ = {
			isa = XCBuildConfiguration;
			buildSettings = {
				ALWAYS_SEARCH_USER_PATHS = NO;
				CLANG_ANALYZER_NONNULL = YES;
				CLANG_ANALYZER_NUMBER_OBJECT_CONVERSION = YES_AGGRESSIVE;
				CLANG_CXX_LANGUAGE_STANDARD = "gnu++0x";
				CLANG_CXX_LIBRARY = "libc++";
				CLANG_ENABLE_MODULES = YES;
				CLANG_ENABLE_OBJC_ARC = YES;
				CLANG_WARN_BOOL_CONVERSION = YES;
				CLANG_WARN_CONSTANT_CONVERSION = YES;
				CLANG_WARN_DIRECT_OBJC_ISA_USAGE = YES_ERROR;
				CLANG_WARN_DOCUMENTATION_COMMENTS = YES;
				CLANG_WARN_EMPTY_BODY = YES;
				CLANG_WARN_ENUM_CONVERSION = YES;
				CLANG_WARN_INFINITE_RECURSION = YES;
				CLANG_WARN_INT_CONVERSION = YES;
				CLANG_WARN_OBJC_ROOT_CLASS = YES_ERROR;
				CLANG_WARN_SUSPICIOUS_MOVE = YES;
				CLANG_WARN_UNREACHABLE_CODE = YES;
				CLANG_WARN__DUPLICATE_METHOD_MATCH = YES;
				"CODE_SIGN_IDENTITY[sdk=iphoneos*]" = "iPhone Developer";
				COPY_PHASE_STRIP = NO;
				DEBUG_INFORMATION_FORMAT = dwarf;
				ENABLE_STRICT_OBJC_MSGSEND = YES;
				ENABLE_TESTABILITY = YES;
				GCC_C_LANGUAGE_STANDARD = gnu99;
				GCC_DYNAMIC_NO_PIC = NO;
				GCC_NO_COMMON_BLOCKS = YES;
				GCC_OPTIMIZATION_LEVEL = 0;
				GCC_PREPROCESSOR_DEFINITIONS = (
					"DEBUG=1",
					"$(inherited)",
				);
				GCC_WARN_64_TO_32_BIT_CONVERSION = YES;
				GCC_WARN_ABOUT_RETURN_TYPE = YES_ERROR;
				GCC_WARN_UNDECLARED_SELECTOR = YES;
				GCC_WARN_UNINITIALIZED_AUTOS = YES_AGGRESSIVE;
				GCC_WARN_UNUSED_FUNCTION = YES;
				GCC_WARN_UNUSED_VARIABLE = YES;
				IPHONEOS_DEPLOYMENT_TARGET = 10.3;
				MTL_ENABLE_DEBUG_INFO = YES;
				ONLY_ACTIVE_ARCH = YES;
				SDKROOT = iphoneos;
				SWIFT_ACTIVE_COMPILATION_CONDITIONS = DEBUG;
				SWIFT_OPTIMIZATION_LEVEL = "-Onone";
				TARGETED_DEVICE_FAMILY = "1,2";
			};
			name = Debug;
		};
		9B52DB2F1F59D997008EA4BC /* Release */ = {
			isa = XCBuildConfiguration;
			buildSettings = {
				ALWAYS_SEARCH_USER_PATHS = NO;
				CLANG_ANALYZER_NONNULL = YES;
				CLANG_ANALYZER_NUMBER_OBJECT_CONVERSION = YES_AGGRESSIVE;
				CLANG_CXX_LANGUAGE_STANDARD = "gnu++0x";
				CLANG_CXX_LIBRARY = "libc++";
				CLANG_ENABLE_MODULES = YES;
				CLANG_ENABLE_OBJC_ARC = YES;
				CLANG_WARN_BOOL_CONVERSION = YES;
				CLANG_WARN_CONSTANT_CONVERSION = YES;
				CLANG_WARN_DIRECT_OBJC_ISA_USAGE = YES_ERROR;
				CLANG_WARN_DOCUMENTATION_COMMENTS = YES;
				CLANG_WARN_EMPTY_BODY = YES;
				CLANG_WARN_ENUM_CONVERSION = YES;
				CLANG_WARN_INFINITE_RECURSION = YES;
				CLANG_WARN_INT_CONVERSION = YES;
				CLANG_WARN_OBJC_ROOT_CLASS = YES_ERROR;
				CLANG_WARN_SUSPICIOUS_MOVE = YES;
				CLANG_WARN_UNREACHABLE_CODE = YES;
				CLANG_WARN__DUPLICATE_METHOD_MATCH = YES;
				"CODE_SIGN_IDENTITY[sdk=iphoneos*]" = "iPhone Developer";
				COPY_PHASE_STRIP = NO;
				DEBUG_INFORMATION_FORMAT = "dwarf-with-dsym";
				ENABLE_NS_ASSERTIONS = NO;
				ENABLE_STRICT_OBJC_MSGSEND = YES;
				GCC_C_LANGUAGE_STANDARD = gnu99;
				GCC_NO_COMMON_BLOCKS = YES;
				GCC_WARN_64_TO_32_BIT_CONVERSION = YES;
				GCC_WARN_ABOUT_RETURN_TYPE = YES_ERROR;
				GCC_WARN_UNDECLARED_SELECTOR = YES;
				GCC_WARN_UNINITIALIZED_AUTOS = YES_AGGRESSIVE;
				GCC_WARN_UNUSED_FUNCTION = YES;
				GCC_WARN_UNUSED_VARIABLE = YES;
				IPHONEOS_DEPLOYMENT_TARGET = 10.3;
				MTL_ENABLE_DEBUG_INFO = NO;
				SDKROOT = iphoneos;
				SWIFT_OPTIMIZATION_LEVEL = "-Owholemodule";
				TARGETED_DEVICE_FAMILY = "1,2";
				VALIDATE_PRODUCT = YES;
			};
			name = Release;
		};
		9B52DB311F59D997008EA4BC /* Debug */ = {
			isa = XCBuildConfiguration;
			buildSettings = {
				ASSETCATALOG_COMPILER_APPICON_NAME = AppIcon;
				DEVELOPMENT_TEAM = UL725DMG9K;
				INFOPLIST_FILE = BidTacToe2/Info.plist;
				LD_RUNPATH_SEARCH_PATHS = "$(inherited) @executable_path/Frameworks";
				PRODUCT_BUNDLE_IDENTIFIER = sugapp.BidTacToe2;
				PRODUCT_NAME = "$(TARGET_NAME)";
				SWIFT_VERSION = 3.0;
			};
			name = Debug;
		};
		9B52DB321F59D997008EA4BC /* Release */ = {
			isa = XCBuildConfiguration;
			buildSettings = {
				ASSETCATALOG_COMPILER_APPICON_NAME = AppIcon;
				DEVELOPMENT_TEAM = UL725DMG9K;
				INFOPLIST_FILE = BidTacToe2/Info.plist;
				LD_RUNPATH_SEARCH_PATHS = "$(inherited) @executable_path/Frameworks";
				PRODUCT_BUNDLE_IDENTIFIER = sugapp.BidTacToe2;
				PRODUCT_NAME = "$(TARGET_NAME)";
				SWIFT_VERSION = 3.0;
			};
			name = Release;
		};
/* End XCBuildConfiguration section */

/* Begin XCConfigurationList section */
		9B52DB191F59D996008EA4BC /* Build configuration list for PBXProject "BidTacToe2" */ = {
			isa = XCConfigurationList;
			buildConfigurations = (
				9B52DB2E1F59D997008EA4BC /* Debug */,
				9B52DB2F1F59D997008EA4BC /* Release */,
			);
			defaultConfigurationIsVisible = 0;
			defaultConfigurationName = Release;
		};
		9B52DB301F59D997008EA4BC /* Build configuration list for PBXNativeTarget "BidTacToe2" */ = {
			isa = XCConfigurationList;
			buildConfigurations = (
				9B52DB311F59D997008EA4BC /* Debug */,
				9B52DB321F59D997008EA4BC /* Release */,
			);
			defaultConfigurationIsVisible = 0;
			defaultConfigurationName = Release;
		};
/* End XCConfigurationList section */
	};
	rootObject = 9B52DB161F59D996008EA4BC /* Project object */;
}
